{
  "version": "3",
  "remote": {
    "https://deno.land/std@0.204.0/media_types/_db.ts": "7606d83e31f23ce1a7968cbaee852810c2cf477903a095696cdc62eaab7ce570",
    "https://deno.land/std@0.204.0/media_types/_util.ts": "0879b04cc810ff18d3dcd97d361e03c9dfb29f67d7fc4a9c6c9d387282ef5fe8",
    "https://deno.land/std@0.204.0/media_types/content_type.ts": "ad98a5aa2d95f5965b2796072284258710a25e520952376ed432b0937ce743bc",
    "https://deno.land/std@0.204.0/media_types/format_media_type.ts": "f5e1073c05526a6f5a516ac5c5587a1abd043bf1039c71cde1166aa4328c8baf",
    "https://deno.land/std@0.204.0/media_types/get_charset.ts": "18b88274796fda5d353806bf409eb1d2ddb3f004eb4bd311662c4cdd8ac173db",
    "https://deno.land/std@0.204.0/media_types/parse_media_type.ts": "31ccf2388ffab31b49500bb89fa0f5de189c8897e2ee6c9954f207637d488211",
    "https://deno.land/std@0.204.0/media_types/type_by_extension.ts": "8c210d4e28ea426414dd8c61146eefbcc7e091a89ccde54bbbe883a154856afd",
    "https://deno.land/std@0.204.0/media_types/vendor/mime-db.v1.52.0.ts": "6925bbcae81ca37241e3f55908d0505724358cda3384eaea707773b2c7e99586",
    "https://deno.land/x/fun@v2.0.0/applicable.ts": "dce73e1d27788479905087cbf8d2885225666aec26b037a8854c3a2dbb3cd208",
    "https://deno.land/x/fun@v2.0.0/array.ts": "39968983eaab255ba72e5a119b8c9554da59a2351b97c1d888e3aa12fd3d1e8e",
    "https://deno.land/x/fun@v2.0.0/bimappable.ts": "8bf879ba161f8b85474c5754e78319569cff5464f9b8874b660204c9ddaeb69c",
    "https://deno.land/x/fun@v2.0.0/combinable.ts": "d9a22a0d3449e3966e2ee51cedb99a5dcc15eac0377ceff335faff79578dc39e",
    "https://deno.land/x/fun@v2.0.0/comparable.ts": "e6d8495a33a5cf50220588b5cdb36cd69837baf5c557f2ff10992bbe7adf288c",
    "https://deno.land/x/fun@v2.0.0/composable.ts": "82466c1cbdcb7fc5d1285cf69cc43c166bb281c8134647456e1456efb2224a55",
    "https://deno.land/x/fun@v2.0.0/either.ts": "ce0e90a428037753daae1aed79e9b7d5c87929c190c88d62f66a9408dd4b941b",
    "https://deno.land/x/fun@v2.0.0/failable.ts": "67ba6668ab7785ff22cdf3768955c077378209d58f9f031ad1465587abfac337",
    "https://deno.land/x/fun@v2.0.0/filterable.ts": "997703aaedce74c3b4cea6800ffa1e7697dcc6b88b74918998046b4aacf2b82c",
    "https://deno.land/x/fun@v2.0.0/flatmappable.ts": "d4ab29bb1bf62efd8899b70fff60ba265b512a72c7c5087cd3884e0066c568a6",
    "https://deno.land/x/fun@v2.0.0/fn.ts": "0dba0d8eb52d1f7ad52712e70aed0689fe127cf9db63d99cbf299823e2651796",
    "https://deno.land/x/fun@v2.0.0/foldable.ts": "9c8d52facd9d88eb9680271017c5e7c765944bf949eae7d2f4a135a3e92e8aeb",
    "https://deno.land/x/fun@v2.0.0/initializable.ts": "fda123c4e5dbafd0dc0b3d6bd1afa951319012e7f7a7d8ddddefc79ecb609eb9",
    "https://deno.land/x/fun@v2.0.0/kind.ts": "c7cbb2b0c52484fb3e53cc0d507fd1db36aa1338319323296d134213c4d43a6d",
    "https://deno.land/x/fun@v2.0.0/mappable.ts": "b3d30f4775d0f8b00726588986fdcd09bc0754e812e04c82a3daff0d19d560e4",
    "https://deno.land/x/fun@v2.0.0/nil.ts": "8a31e8c94e69b2fbce0e3a84980109cdfab93e3c8db182cd9eeff3d2c0e8ba8b",
    "https://deno.land/x/fun@v2.0.0/option.ts": "827c280d3fc29330daa3e11d94ec8abd05eccbc842429533f28cf8282ff9de3c",
    "https://deno.land/x/fun@v2.0.0/pair.ts": "497a8173e6d55650b75550ece9d1051c8996a1bec5a9a91a7e30da769c5ceb01",
    "https://deno.land/x/fun@v2.0.0/predicate.ts": "418d894a2d5822aece61fe6fb1fc04666162ac6d618b360611631b8da8e12094",
    "https://deno.land/x/fun@v2.0.0/premappable.ts": "bdfa5c857af367ab470681c7f171e697424ae9b198d4aaac63739dfc50039492",
    "https://deno.land/x/fun@v2.0.0/promise.ts": "91af9044b0ea4f35cdaab2907991fce843eac02920f92a6d2c0a48770f1f5f41",
    "https://deno.land/x/fun@v2.0.0/record.ts": "dac02f900e5379e06dbf0509169ca68b8880adc320d2fb6e04cd87037666b6b2",
    "https://deno.land/x/fun@v2.0.0/refinement.ts": "f404b94461a9e672243afcea724ee055d38fdbe9f779910f51c341780dea855d",
    "https://deno.land/x/fun@v2.0.0/schemable.ts": "493a775b4ca73b1078bfd6f67e9d48564053fc351b4da7d0e012747087c548bb",
    "https://deno.land/x/fun@v2.0.0/showable.ts": "3cd7e986ca136eb31fff04f5282c59742c9b7fbcb7cc240c129019ed18e5f025",
    "https://deno.land/x/fun@v2.0.0/sortable.ts": "58715ad4d3957dbaa15b49b495affe681cfec032683602617f976e9776b32dad",
    "https://deno.land/x/fun@v2.0.0/traversable.ts": "66023d36a33b27afd38148c7647f129ba53353db6ea684ddbff3f2a939dce951",
    "https://deno.land/x/fun@v2.0.0/wrappable.ts": "4017945471058920126f58524c260fafd7c1e32c125564496a0925aea72a555f",
    "https://deno.land/x/nanoid@v3.0.0/customAlphabet.ts": "1cfd7cfd2f07ca8d78a7e7855fcc9f59abf01ef2a127484ef94328fadf940ead",
    "https://deno.land/x/nanoid@v3.0.0/customRandom.ts": "af56e19038c891a4b4ef2be931554c27579bd407ee5bbea5cb64f6ee1347cbe3",
    "https://deno.land/x/nanoid@v3.0.0/mod.ts": "3ead610e40c58d8fdca21d5da9ec661445a2b82526e19c34d05de5f90be8a1be",
    "https://deno.land/x/nanoid@v3.0.0/nanoid.ts": "8d119bc89a0f34e7bbe0c2dbdc280d01753e431af553d189663492310a31085d",
    "https://deno.land/x/nanoid@v3.0.0/random.ts": "4da71d5f72f2bfcc6a4ee79b5d4e72f48dcf4fe4c3835fd5ebab08b9f33cd598",
    "https://deno.land/x/nanoid@v3.0.0/urlAlphabet.ts": "8b1511deb1ecb23c66202b6000dc10fb68f9a96b5550c6c8cef5009324793431",
    "https://deno.land/x/pick@0.0.1/context.ts": "15f7b9651a29a6aa3f12d8ca863c8b5908705bf32dc4185e6a183c1a7cd93e3f",
    "https://deno.land/x/pick@0.0.1/handler.ts": "1c879c9f932ee01cb9f09aa38104314e7a15d6534e9c6aa5020ab9bcdb246d77",
    "https://deno.land/x/pick@0.0.1/parser.ts": "3d6e748387b3c4685be3e94b57b14eb8a60771dbeb846ca1e483141bcfcb5edd",
    "https://deno.land/x/pick@0.0.1/response.ts": "e1a0f398fc89518492ecab56358157e3ba8f37ad2a3d941a58dc860b526a147a",
    "https://deno.land/x/pick@0.0.1/route.ts": "a80922447df786a329d2fde5aa98e7f4fab3bf65a57ea901b362093cb34d6fb7",
    "https://deno.land/x/pick@0.0.1/router.ts": "b33f46a2952300cef0116df35e0a17b35d3dbed7aebba38855255144fa502f24",
    "https://deno.land/x/pick@0.0.3/context.ts": "15f7b9651a29a6aa3f12d8ca863c8b5908705bf32dc4185e6a183c1a7cd93e3f",
    "https://deno.land/x/pick@0.0.3/handler.ts": "e71663cf0acf28a75dc86679f747b4c5f508c56ca82b34975f4963b34e43f855",
    "https://deno.land/x/pick@0.0.3/logger.ts": "c127b2102514a64a85cc80c26438d4c62fb4dc29913a59f3db93eebdd349ea3c",
    "https://deno.land/x/pick@0.0.3/parser.ts": "3d6e748387b3c4685be3e94b57b14eb8a60771dbeb846ca1e483141bcfcb5edd",
    "https://deno.land/x/pick@0.0.3/response.ts": "e1a0f398fc89518492ecab56358157e3ba8f37ad2a3d941a58dc860b526a147a",
    "https://deno.land/x/pick@0.0.3/route.ts": "8e7fd36491b1f119ac0f437783a13c5ccb580688c17674baad136e39c05d411d",
    "https://deno.land/x/pick@0.0.3/router.ts": "63673a52257619c06a7479d34d1a3b47cc584544e3533d85df60869433cf554e",
    "https://esm.sh/preact-render-to-string@6.2.2": "558965f6ed077a5b8b0f63a6ff59d7d560ab18564a9c1facbda10b1e5e3faed6",
    "https://esm.sh/preact@10.15.1/jsx-runtime": "3a0bc5069478be7860baf79434337edb91c0544b61318077f4c5825baedb32be",
    "https://esm.sh/preact@10.18.1": "94e175027f630c795ee1bde782564f4b9bed98db1e04cc7e07241a02c8d62358",
    "https://esm.sh/stable/preact@10.15.1/deno/jsx-runtime.js": "a928c89a68606cb31d5b4516535310084f593e7ba34fd71fe61d0bca610b0547",
    "https://esm.sh/stable/preact@10.15.1/deno/preact.mjs": "be338d88b534f38e846474c5d981f65a35f1ae031bbba11aa3681c501c73134d",
    "https://esm.sh/stable/preact@10.18.1/denonext/preact.mjs": "b2ad171554b90f2be0f30b1318f63d0df90420b2bdb727fddd97193daa177f84",
    "https://esm.sh/v133/preact-render-to-string@6.2.2/denonext/preact-render-to-string.mjs": "805f1890d7aae73bc1b5edadded39d73a2fe31582503506e3e188bd649cb0776"
  }
}
